
Microsoft Visual Studio Solution File, Format Version 12.00
# Visual Studio Version 17
VisualStudioVersion = 17.10.35027.167
MinimumVisualStudioVersion = 10.0.40219.1
Project("{FAE04EC0-301F-11D3-BF4B-00C04F79EFBC}") = "Union", "Union\Union.csproj", "{B28C947A-9DBD-45E9-AE3A-A0F59141F61B}"
EndProject
Global
	GlobalSection(SolutionConfigurationPlatforms) = preSolution
		Debug|Any CPU = Debug|Any CPU
		Release|Any CPU = Release|Any CPU
	EndGlobalSection
	GlobalSection(ProjectConfigurationPlatforms) = postSolution
		{B28C947A-9DBD-45E9-AE3A-A0F59141F61B}.Debug|Any CPU.ActiveCfg = Debug|Any CPU
		{B28C947A-9DBD-45E9-AE3A-A0F59141F61B}.Debug|Any CPU.Build.0 = Debug|Any CPU
		{B28C947A-9DBD-45E9-AE3A-A0F59141F61B}.Release|Any CPU.ActiveCfg = Release|Any CPU
		{B28C947A-9DBD-45E9-AE3A-A0F59141F61B}.Release|Any CPU.Build.0 = Release|Any CPU
	EndGlobalSection
	GlobalSection(SolutionProperties) = preSolution
		HideSolutionNode = FALSE
	EndGlobalSection
	GlobalSection(ExtensibilityGlobals) = postSolution
		SolutionGuid = {F7A249E0-DE98-46F4-9550-73753B844D46}
	EndGlobalSection
EndGlobal
